PODS:
  - CWStatusBarNotification (2.3.5)
  - MBProgressHUD (1.0.0)

DEPENDENCIES:
  - CWStatusBarNotification
  - MBProgressHUD

SPEC REPOS:
  https://github.com/cocoapods/specs.git:
    - CWStatusBarNotification
    - MBProgressHUD

SPEC CHECKSUMS:
  CWStatusBarNotification: 3d2738b25c3207f60cc50201388d3c96182545ff
  MBProgressHUD: 4890f671c94e8a0f3cf959aa731e9de2f036d71a

PODFILE CHECKSUM: 8ece00ef2407795b07d4242ad58693b8ab2c90b8

COCOAPODS: 1.5.3
